
Microsoft Visual Studio Solution File, Format Version 12.00
# Visual Studio Version 17
VisualStudioVersion = 17.8.34408.163
MinimumVisualStudioVersion = 10.0.40219.1
Project("{FAE04EC0-301F-11D3-BF4B-00C04F79EFBC}") = "notionPageCreateScheduler", "notionPageCreateScheduler.csproj", "{8D7491E7-3F77-4AAB-8FD8-E2AEEAA0AFDD}"
EndProject
Global
	GlobalSection(SolutionConfigurationPlatforms) = preSolution
		Debug|Any CPU = Debug|Any CPU
		Release|Any CPU = Release|Any CPU
	EndGlobalSection
	GlobalSection(ProjectConfigurationPlatforms) = postSolution
		{8D7491E7-3F77-4AAB-8FD8-E2AEEAA0AFDD}.Debug|Any CPU.ActiveCfg = Debug|Any CPU
		{8D7491E7-3F77-4AAB-8FD8-E2AEEAA0AFDD}.Debug|Any CPU.Build.0 = Debug|Any CPU
		{8D7491E7-3F77-4AAB-8FD8-E2AEEAA0AFDD}.Release|Any CPU.ActiveCfg = Release|Any CPU
		{8D7491E7-3F77-4AAB-8FD8-E2AEEAA0AFDD}.Release|Any CPU.Build.0 = Release|Any CPU
	EndGlobalSection
	GlobalSection(SolutionProperties) = preSolution
		HideSolutionNode = FALSE
	EndGlobalSection
	GlobalSection(ExtensibilityGlobals) = postSolution
		SolutionGuid = {E2ED8082-D2E7-4E57-8D21-1DC2B23A1664}
	EndGlobalSection
EndGlobal
